// !$*UTF8*$!
{
	archiveVersion = 1;
	classes = {
	};
	objectVersion = 50;
	objects = {

/* Begin PBXBuildFile section */
		638724F2261AE9970008B074 /* AppDelegate.swift in Sources */ = {isa = PBXBuildFile; fileRef = 638724F1261AE9970008B074 /* AppDelegate.swift */; };
		638724F4261AE9970008B074 /* SceneDelegate.swift in Sources */ = {isa = PBXBuildFile; fileRef = 638724F3261AE9970008B074 /* SceneDelegate.swift */; };
		638724F9261AE9970008B074 /* Main.storyboard in Resources */ = {isa = PBXBuildFile; fileRef = 638724F7261AE9970008B074 /* Main.storyboard */; };
		638724FC261AE9970008B074 /* Part1AlifTech.xcdatamodeld in Sources */ = {isa = PBXBuildFile; fileRef = 638724FA261AE9970008B074 /* Part1AlifTech.xcdatamodeld */; };
		638724FE261AE9990008B074 /* Assets.xcassets in Resources */ = {isa = PBXBuildFile; fileRef = 638724FD261AE9990008B074 /* Assets.xcassets */; };
		63872501261AE9990008B074 /* LaunchScreen.storyboard in Resources */ = {isa = PBXBuildFile; fileRef = 638724FF261AE9990008B074 /* LaunchScreen.storyboard */; };
		6387250F261B25FD0008B074 /* AllProductsViewController.swift in Sources */ = {isa = PBXBuildFile; fileRef = 6387250E261B25FD0008B074 /* AllProductsViewController.swift */; };
		63872518261B772B0008B074 /* OnProcessViewController.swift in Sources */ = {isa = PBXBuildFile; fileRef = 63872517261B772B0008B074 /* OnProcessViewController.swift */; };
		6387251F261C3F320008B074 /* DoneProductsViewController.swift in Sources */ = {isa = PBXBuildFile; fileRef = 6387251E261C3F320008B074 /* DoneProductsViewController.swift */; };
		6387256B261D93490008B074 /* Done+CoreDataClass.swift in Sources */ = {isa = PBXBuildFile; fileRef = 63872569261D93490008B074 /* Done+CoreDataClass.swift */; };
		6387256C261D93490008B074 /* Done+CoreDataProperties.swift in Sources */ = {isa = PBXBuildFile; fileRef = 6387256A261D93490008B074 /* Done+CoreDataProperties.swift */; };
		6387256F261D93560008B074 /* ListItem+CoreDataClass.swift in Sources */ = {isa = PBXBuildFile; fileRef = 6387256D261D93560008B074 /* ListItem+CoreDataClass.swift */; };
		63872570261D93560008B074 /* ListItem+CoreDataProperties.swift in Sources */ = {isa = PBXBuildFile; fileRef = 6387256E261D93560008B074 /* ListItem+CoreDataProperties.swift */; };
		63872574261D938D0008B074 /* OnProcess+CoreDataClass.swift in Sources */ = {isa = PBXBuildFile; fileRef = 63872572261D938D0008B074 /* OnProcess+CoreDataClass.swift */; };
		63872575261D938D0008B074 /* OnProcess+CoreDataProperties.swift in Sources */ = {isa = PBXBuildFile; fileRef = 63872573261D938D0008B074 /* OnProcess+CoreDataProperties.swift */; };
/* End PBXBuildFile section */

/* Begin PBXFileReference section */
		638724EE261AE9970008B074 /* Part1AlifTech.app */ = {isa = PBXFileReference; explicitFileType = wrapper.application; includeInIndex = 0; path = Part1AlifTech.app; sourceTree = BUILT_PRODUCTS_DIR; };
		638724F1261AE9970008B074 /* AppDelegate.swift */ = {isa = PBXFileReference; lastKnownFileType = sourcecode.swift; path = AppDelegate.swift; sourceTree = "<group>"; };
		638724F3261AE9970008B074 /* SceneDelegate.swift */ = {isa = PBXFileReference; lastKnownFileType = sourcecode.swift; path = SceneDelegate.swift; sourceTree = "<group>"; };
		638724F8261AE9970008B074 /* Base */ = {isa = PBXFileReference; lastKnownFileType = file.storyboard; name = Base; path = Base.lproj/Main.storyboard; sourceTree = "<group>"; };
		638724FB261AE9970008B074 /* Part1AlifTech.xcdatamodel */ = {isa = PBXFileReference; lastKnownFileType = wrapper.xcdatamodel; path = Part1AlifTech.xcdatamodel; sourceTree = "<group>"; };
		638724FD261AE9990008B074 /* Assets.xcassets */ = {isa = PBXFileReference; lastKnownFileType = folder.assetcatalog; path = Assets.xcassets; sourceTree = "<group>"; };
		63872500261AE9990008B074 /* Base */ = {isa = PBXFileReference; lastKnownFileType = file.storyboard; name = Base; path = Base.lproj/LaunchScreen.storyboard; sourceTree = "<group>"; };
		63872502261AE9990008B074 /* Info.plist */ = {isa = PBXFileReference; lastKnownFileType = text.plist.xml; path = Info.plist; sourceTree = "<group>"; };
		6387250E261B25FD0008B074 /* AllProductsViewController.swift */ = {isa = PBXFileReference; lastKnownFileType = sourcecode.swift; path = AllProductsViewController.swift; sourceTree = "<group>"; };
		63872517261B772B0008B074 /* OnProcessViewController.swift */ = {isa = PBXFileReference; lastKnownFileType = sourcecode.swift; path = OnProcessViewController.swift; sourceTree = "<group>"; };
		6387251E261C3F320008B074 /* DoneProductsViewController.swift */ = {isa = PBXFileReference; lastKnownFileType = sourcecode.swift; path = DoneProductsViewController.swift; sourceTree = "<group>"; };
		63872569261D93490008B074 /* Done+CoreDataClass.swift */ = {isa = PBXFileReference; lastKnownFileType = sourcecode.swift; path = "Done+CoreDataClass.swift"; sourceTree = "<group>"; };
		6387256A261D93490008B074 /* Done+CoreDataProperties.swift */ = {isa = PBXFileReference; lastKnownFileType = sourcecode.swift; path = "Done+CoreDataProperties.swift"; sourceTree = "<group>"; };
		6387256D261D93560008B074 /* ListItem+CoreDataClass.swift */ = {isa = PBXFileReference; lastKnownFileType = sourcecode.swift; path = "ListItem+CoreDataClass.swift"; sourceTree = "<group>"; };
		6387256E261D93560008B074 /* ListItem+CoreDataProperties.swift */ = {isa = PBXFileReference; lastKnownFileType = sourcecode.swift; path = "ListItem+CoreDataProperties.swift"; sourceTree = "<group>"; };
		63872572261D938D0008B074 /* OnProcess+CoreDataClass.swift */ = {isa = PBXFileReference; lastKnownFileType = sourcecode.swift; path = "OnProcess+CoreDataClass.swift"; sourceTree = "<group>"; };
		63872573261D938D0008B074 /* OnProcess+CoreDataProperties.swift */ = {isa = PBXFileReference; lastKnownFileType = sourcecode.swift; path = "OnProcess+CoreDataProperties.swift"; sourceTree = "<group>"; };
/* End PBXFileReference section */

/* Begin PBXFrameworksBuildPhase section */
		638724EB261AE9970008B074 /* Frameworks */ = {
			isa = PBXFrameworksBuildPhase;
			buildActionMask = 2147483647;
			files = (
			);
			runOnlyForDeploymentPostprocessing = 0;
		};
/* End PBXFrameworksBuildPhase section */

/* Begin PBXGroup section */
		638724E5261AE9970008B074 = {
			isa = PBXGroup;
			children = (
				638724F0261AE9970008B074 /* Part1AlifTech */,
				638724EF261AE9970008B074 /* Products */,
			);
			sourceTree = "<group>";
		};
		638724EF261AE9970008B074 /* Products */ = {
			isa = PBXGroup;
			children = (
				638724EE261AE9970008B074 /* Part1AlifTech.app */,
			);
			name = Products;
			sourceTree = "<group>";
		};
		638724F0261AE9970008B074 /* Part1AlifTech */ = {
			isa = PBXGroup;
			children = (
				63872571261D93650008B074 /* ListItems */,
				6387252B261D8AEF0008B074 /* ProcessWithListItems */,
				6387252A261D8ACE0008B074 /* DoneWithListItems */,
				6387250D261B25E20008B074 /* ViewControllers */,
				638724F1261AE9970008B074 /* AppDelegate.swift */,
				638724F3261AE9970008B074 /* SceneDelegate.swift */,
				638724F7261AE9970008B074 /* Main.storyboard */,
				638724FD261AE9990008B074 /* Assets.xcassets */,
				638724FF261AE9990008B074 /* LaunchScreen.storyboard */,
				63872502261AE9990008B074 /* Info.plist */,
				638724FA261AE9970008B074 /* Part1AlifTech.xcdatamodeld */,
			);
			path = Part1AlifTech;
			sourceTree = "<group>";
		};
		6387250D261B25E20008B074 /* ViewControllers */ = {
			isa = PBXGroup;
			children = (
				6387250E261B25FD0008B074 /* AllProductsViewController.swift */,
				63872517261B772B0008B074 /* OnProcessViewController.swift */,
				6387251E261C3F320008B074 /* DoneProductsViewController.swift */,
			);
			path = ViewControllers;
			sourceTree = "<group>";
		};
		6387252A261D8ACE0008B074 /* DoneWithListItems */ = {
			isa = PBXGroup;
			children = (
				63872569261D93490008B074 /* Done+CoreDataClass.swift */,
				6387256A261D93490008B074 /* Done+CoreDataProperties.swift */,
			);
			path = DoneWithListItems;
			sourceTree = "<group>";
		};
		6387252B261D8AEF0008B074 /* ProcessWithListItems */ = {
			isa = PBXGroup;
			children = (
				63872572261D938D0008B074 /* OnProcess+CoreDataClass.swift */,
				63872573261D938D0008B074 /* OnProcess+CoreDataProperties.swift */,
			);
			path = ProcessWithListItems;
			sourceTree = "<group>";
		};
		63872571261D93650008B074 /* ListItems */ = {
			isa = PBXGroup;
			children = (
				6387256D261D93560008B074 /* ListItem+CoreDataClass.swift */,
				6387256E261D93560008B074 /* ListItem+CoreDataProperties.swift */,
			);
			path = ListItems;
			sourceTree = "<group>";
		};
/* End PBXGroup section */

/* Begin PBXNativeTarget section */
		638724ED261AE9970008B074 /* Part1AlifTech */ = {
			isa = PBXNativeTarget;
			buildConfigurationList = 63872505261AE9990008B074 /* Build configuration list for PBXNativeTarget "Part1AlifTech" */;
			buildPhases = (
				638724EA261AE9970008B074 /* Sources */,
				638724EB261AE9970008B074 /* Frameworks */,
				638724EC261AE9970008B074 /* Resources */,
			);
			buildRules = (
			);
			dependencies = (
			);
			name = Part1AlifTech;
			productName = Part1AlifTech;
			productReference = 638724EE261AE9970008B074 /* Part1AlifTech.app */;
			productType = "com.apple.product-type.application";
		};
/* End PBXNativeTarget section */

/* Begin PBXProject section */
		638724E6261AE9970008B074 /* Project object */ = {
			isa = PBXProject;
			attributes = {
				LastSwiftUpdateCheck = 1160;
				LastUpgradeCheck = 1160;
				ORGANIZATIONNAME = REDDER;
				TargetAttributes = {
					638724ED261AE9970008B074 = {
						CreatedOnToolsVersion = 11.6;
					};
				};
			};
			buildConfigurationList = 638724E9261AE9970008B074 /* Build configuration list for PBXProject "Part1AlifTech" */;
			compatibilityVersion = "Xcode 9.3";
			developmentRegion = en;
			hasScannedForEncodings = 0;
			knownRegions = (
				en,
				Base,
			);
			mainGroup = 638724E5261AE9970008B074;
			productRefGroup = 638724EF261AE9970008B074 /* Products */;
			projectDirPath = "";
			projectRoot = "";
			targets = (
				638724ED261AE9970008B074 /* Part1AlifTech */,
			);
		};
/* End PBXProject section */

/* Begin PBXResourcesBuildPhase section */
		638724EC261AE9970008B074 /* Resources */ = {
			isa = PBXResourcesBuildPhase;
			buildActionMask = 2147483647;
			files = (
				63872501261AE9990008B074 /* LaunchScreen.storyboard in Resources */,
				638724FE261AE9990008B074 /* Assets.xcassets in Resources */,
				638724F9261AE9970008B074 /* Main.storyboard in Resources */,
			);
			runOnlyForDeploymentPostprocessing = 0;
		};
/* End PBXResourcesBuildPhase section */

/* Begin PBXSourcesBuildPhase section */
		638724EA261AE9970008B074 /* Sources */ = {
			isa = PBXSourcesBuildPhase;
			buildActionMask = 2147483647;
			files = (
				63872575261D938D0008B074 /* OnProcess+CoreDataProperties.swift in Sources */,
				6387250F261B25FD0008B074 /* AllProductsViewController.swift in Sources */,
				63872574261D938D0008B074 /* OnProcess+CoreDataClass.swift in Sources */,
				6387256C261D93490008B074 /* Done+CoreDataProperties.swift in Sources */,
				63872570261D93560008B074 /* ListItem+CoreDataProperties.swift in Sources */,
				6387251F261C3F320008B074 /* DoneProductsViewController.swift in Sources */,
				638724F2261AE9970008B074 /* AppDelegate.swift in Sources */,
				63872518261B772B0008B074 /* OnProcessViewController.swift in Sources */,
				638724FC261AE9970008B074 /* Part1AlifTech.xcdatamodeld in Sources */,
				638724F4261AE9970008B074 /* SceneDelegate.swift in Sources */,
				6387256B261D93490008B074 /* Done+CoreDataClass.swift in Sources */,
				6387256F261D93560008B074 /* ListItem+CoreDataClass.swift in Sources */,
			);
			runOnlyForDeploymentPostprocessing = 0;
		};
/* End PBXSourcesBuildPhase section */

/* Begin PBXVariantGroup section */
		638724F7261AE9970008B074 /* Main.storyboard */ = {
			isa = PBXVariantGroup;
			children = (
				638724F8261AE9970008B074 /* Base */,
			);
			name = Main.storyboard;
			sourceTree = "<group>";
		};
		638724FF261AE9990008B074 /* LaunchScreen.storyboard */ = {
			isa = PBXVariantGroup;
			children = (
				63872500261AE9990008B074 /* Base */,
			);
			name = LaunchScreen.storyboard;
			sourceTree = "<group>";
		};
/* End PBXVariantGroup section */

/* Begin XCBuildConfiguration section */
		63872503261AE9990008B074 /* Debug */ = {
			isa = XCBuildConfiguration;
			buildSettings = {
				ALWAYS_SEARCH_USER_PATHS = NO;
				CLANG_ANALYZER_NONNULL = YES;
				CLANG_ANALYZER_NUMBER_OBJECT_CONVERSION = YES_AGGRESSIVE;
				CLANG_CXX_LANGUAGE_STANDARD = "gnu++14";
				CLANG_CXX_LIBRARY = "libc++";
				CLANG_ENABLE_MODULES = YES;
				CLANG_ENABLE_OBJC_ARC = YES;
				CLANG_ENABLE_OBJC_WEAK = YES;
				CLANG_WARN_BLOCK_CAPTURE_AUTORELEASING = YES;
				CLANG_WARN_BOOL_CONVERSION = YES;
				CLANG_WARN_COMMA = YES;
				CLANG_WARN_CONSTANT_CONVERSION = YES;
				CLANG_WARN_DEPRECATED_OBJC_IMPLEMENTATIONS = YES;
				CLANG_WARN_DIRECT_OBJC_ISA_USAGE = YES_ERROR;
				CLANG_WARN_DOCUMENTATION_COMMENTS = YES;
				CLANG_WARN_EMPTY_BODY = YES;
				CLANG_WARN_ENUM_CONVERSION = YES;
				CLANG_WARN_INFINITE_RECURSION = YES;
				CLANG_WARN_INT_CONVERSION = YES;
				CLANG_WARN_NON_LITERAL_NULL_CONVERSION = YES;
				CLANG_WARN_OBJC_IMPLICIT_RETAIN_SELF = YES;
				CLANG_WARN_OBJC_LITERAL_CONVERSION = YES;
				CLANG_WARN_OBJC_ROOT_CLASS = YES_ERROR;
				CLANG_WARN_RANGE_LOOP_ANALYSIS = YES;
				CLANG_WARN_STRICT_PROTOTYPES = YES;
				CLANG_WARN_SUSPICIOUS_MOVE = YES;
				CLANG_WARN_UNGUARDED_AVAILABILITY = YES_AGGRESSIVE;
				CLANG_WARN_UNREACHABLE_CODE = YES;
				CLANG_WARN__DUPLICATE_METHOD_MATCH = YES;
				COPY_PHASE_STRIP = NO;
				DEBUG_INFORMATION_FORMAT = dwarf;
				ENABLE_STRICT_OBJC_MSGSEND = YES;
				ENABLE_TESTABILITY = YES;
				GCC_C_LANGUAGE_STANDARD = gnu11;
				GCC_DYNAMIC_NO_PIC = NO;
				GCC_NO_COMMON_BLOCKS = YES;
				GCC_OPTIMIZATION_LEVEL = 0;
				GCC_PREPROCESSOR_DEFINITIONS = (
					"DEBUG=1",
					"$(inherited)",
				);
				GCC_WARN_64_TO_32_BIT_CONVERSION = YES;
				GCC_WARN_ABOUT_RETURN_TYPE = YES_ERROR;
				GCC_WARN_UNDECLARED_SELECTOR = YES;
				GCC_WARN_UNINITIALIZED_AUTOS = YES_AGGRESSIVE;
				GCC_WARN_UNUSED_FUNCTION = YES;
				GCC_WARN_UNUSED_VARIABLE = YES;
				IPHONEOS_DEPLOYMENT_TARGET = 13.6;
				MTL_ENABLE_DEBUG_INFO = INCLUDE_SOURCE;
				MTL_FAST_MATH = YES;
				ONLY_ACTIVE_ARCH = YES;
				SDKROOT = iphoneos;
				SWIFT_ACTIVE_COMPILATION_CONDITIONS = DEBUG;
				SWIFT_OPTIMIZATION_LEVEL = "-Onone";
			};
			name = Debug;
		};
		63872504261AE9990008B074 /* Release */ = {
			isa = XCBuildConfiguration;
			buildSettings = {
				ALWAYS_SEARCH_USER_PATHS = NO;
				CLANG_ANALYZER_NONNULL = YES;
				CLANG_ANALYZER_NUMBER_OBJECT_CONVERSION = YES_AGGRESSIVE;
				CLANG_CXX_LANGUAGE_STANDARD = "gnu++14";
				CLANG_CXX_LIBRARY = "libc++";
				CLANG_ENABLE_MODULES = YES;
				CLANG_ENABLE_OBJC_ARC = YES;
				CLANG_ENABLE_OBJC_WEAK = YES;
				CLANG_WARN_BLOCK_CAPTURE_AUTORELEASING = YES;
				CLANG_WARN_BOOL_CONVERSION = YES;
				CLANG_WARN_COMMA = YES;
				CLANG_WARN_CONSTANT_CONVERSION = YES;
				CLANG_WARN_DEPRECATED_OBJC_IMPLEMENTATIONS = YES;
				CLANG_WARN_DIRECT_OBJC_ISA_USAGE = YES_ERROR;
				CLANG_WARN_DOCUMENTATION_COMMENTS = YES;
				CLANG_WARN_EMPTY_BODY = YES;
				CLANG_WARN_ENUM_CONVERSION = YES;
				CLANG_WARN_INFINITE_RECURSION = YES;
				CLANG_WARN_INT_CONVERSION = YES;
				CLANG_WARN_NON_LITERAL_NULL_CONVERSION = YES;
				CLANG_WARN_OBJC_IMPLICIT_RETAIN_SELF = YES;
				CLANG_WARN_OBJC_LITERAL_CONVERSION = YES;
				CLANG_WARN_OBJC_ROOT_CLASS = YES_ERROR;
				CLANG_WARN_RANGE_LOOP_ANALYSIS = YES;
				CLANG_WARN_STRICT_PROTOTYPES = YES;
				CLANG_WARN_SUSPICIOUS_MOVE = YES;
				CLANG_WARN_UNGUARDED_AVAILABILITY = YES_AGGRESSIVE;
				CLANG_WARN_UNREACHABLE_CODE = YES;
				CLANG_WARN__DUPLICATE_METHOD_MATCH = YES;
				COPY_PHASE_STRIP = NO;
				DEBUG_INFORMATION_FORMAT = "dwarf-with-dsym";
				ENABLE_NS_ASSERTIONS = NO;
				ENABLE_STRICT_OBJC_MSGSEND = YES;
				GCC_C_LANGUAGE_STANDARD = gnu11;
				GCC_NO_COMMON_BLOCKS = YES;
				GCC_WARN_64_TO_32_BIT_CONVERSION = YES;
				GCC_WARN_ABOUT_RETURN_TYPE = YES_ERROR;
				GCC_WARN_UNDECLARED_SELECTOR = YES;
				GCC_WARN_UNINITIALIZED_AUTOS = YES_AGGRESSIVE;
				GCC_WARN_UNUSED_FUNCTION = YES;
				GCC_WARN_UNUSED_VARIABLE = YES;
				IPHONEOS_DEPLOYMENT_TARGET = 13.6;
				MTL_ENABLE_DEBUG_INFO = NO;
				MTL_FAST_MATH = YES;
				SDKROOT = iphoneos;
				SWIFT_COMPILATION_MODE = wholemodule;
				SWIFT_OPTIMIZATION_LEVEL = "-O";
				VALIDATE_PRODUCT = YES;
			};
			name = Release;
		};
		63872506261AE9990008B074 /* Debug */ = {
			isa = XCBuildConfiguration;
			buildSettings = {
				ASSETCATALOG_COMPILER_APPICON_NAME = AppIcon;
				CODE_SIGN_STYLE = Automatic;
				DEVELOPMENT_TEAM = 9Z6KL489V6;
				INFOPLIST_FILE = Part1AlifTech/Info.plist;
				IPHONEOS_DEPLOYMENT_TARGET = 11.0;
				LD_RUNPATH_SEARCH_PATHS = (
					"$(inherited)",
					"@executable_path/Frameworks",
				);
				PRODUCT_BUNDLE_IDENTIFIER = com.redder98.Part1AlifTech;
				PRODUCT_NAME = "$(TARGET_NAME)";
				SWIFT_VERSION = 5.0;
				TARGETED_DEVICE_FAMILY = "1,2";
			};
			name = Debug;
		};
		63872507261AE9990008B074 /* Release */ = {
			isa = XCBuildConfiguration;
			buildSettings = {
				ASSETCATALOG_COMPILER_APPICON_NAME = AppIcon;
				CODE_SIGN_STYLE = Automatic;
				DEVELOPMENT_TEAM = 9Z6KL489V6;
				INFOPLIST_FILE = Part1AlifTech/Info.plist;
				IPHONEOS_DEPLOYMENT_TARGET = 11.0;
				LD_RUNPATH_SEARCH_PATHS = (
					"$(inherited)",
					"@executable_path/Frameworks",
				);
				PRODUCT_BUNDLE_IDENTIFIER = com.redder98.Part1AlifTech;
				PRODUCT_NAME = "$(TARGET_NAME)";
				SWIFT_VERSION = 5.0;
				TARGETED_DEVICE_FAMILY = "1,2";
			};
			name = Release;
		};
/* End XCBuildConfiguration section */

/* Begin XCConfigurationList section */
		638724E9261AE9970008B074 /* Build configuration list for PBXProject "Part1AlifTech" */ = {
			isa = XCConfigurationList;
			buildConfigurations = (
				63872503261AE9990008B074 /* Debug */,
				63872504261AE9990008B074 /* Release */,
			);
			defaultConfigurationIsVisible = 0;
			defaultConfigurationName = Release;
		};
		63872505261AE9990008B074 /* Build configuration list for PBXNativeTarget "Part1AlifTech" */ = {
			isa = XCConfigurationList;
			buildConfigurations = (
				63872506261AE9990008B074 /* Debug */,
				63872507261AE9990008B074 /* Release */,
			);
			defaultConfigurationIsVisible = 0;
			defaultConfigurationName = Release;
		};
/* End XCConfigurationList section */

/* Begin XCVersionGroup section */
		638724FA261AE9970008B074 /* Part1AlifTech.xcdatamodeld */ = {
			isa = XCVersionGroup;
			children = (
				638724FB261AE9970008B074 /* Part1AlifTech.xcdatamodel */,
			);
			currentVersion = 638724FB261AE9970008B074 /* Part1AlifTech.xcdatamodel */;
			path = Part1AlifTech.xcdatamodeld;
			sourceTree = "<group>";
			versionGroupType = wrapper.xcdatamodel;
		};
/* End XCVersionGroup section */
	};
	rootObject = 638724E6261AE9970008B074 /* Project object */;
}
